
Microsoft Visual Studio Solution File, Format Version 12.00
# Visual Studio 15
Project("{FAE04EC0-301F-11D3-BF4B-00C04F79EFBC}") = "Assembly-CSharp", "Assembly-CSharp.csproj", "{D2589ED3-1FAA-0BCB-2FBA-8F8E3DA49AAB}"
EndProject
Project("{FAE04EC0-301F-11D3-BF4B-00C04F79EFBC}") = "Assembly-CSharp-Editor", "Assembly-CSharp-Editor.csproj", "{99570A77-F664-0B74-8286-E40D6C68D167}"
EndProject
Global
	GlobalSection(SolutionConfigurationPlatforms) = preSolution
		Debug|Any CPU = Debug|Any CPU
		Release|Any CPU = Release|Any CPU
	EndGlobalSection
	GlobalSection(ProjectConfigurationPlatforms) = postSolution
		{D2589ED3-1FAA-0BCB-2FBA-8F8E3DA49AAB}.Debug|Any CPU.ActiveCfg = Debug|Any CPU
		{D2589ED3-1FAA-0BCB-2FBA-8F8E3DA49AAB}.Debug|Any CPU.Build.0 = Debug|Any CPU
		{D2589ED3-1FAA-0BCB-2FBA-8F8E3DA49AAB}.Release|Any CPU.ActiveCfg = Release|Any CPU
		{D2589ED3-1FAA-0BCB-2FBA-8F8E3DA49AAB}.Release|Any CPU.Build.0 = Release|Any CPU
		{99570A77-F664-0B74-8286-E40D6C68D167}.Debug|Any CPU.ActiveCfg = Debug|Any CPU
		{99570A77-F664-0B74-8286-E40D6C68D167}.Debug|Any CPU.Build.0 = Debug|Any CPU
		{99570A77-F664-0B74-8286-E40D6C68D167}.Release|Any CPU.ActiveCfg = Release|Any CPU
		{99570A77-F664-0B74-8286-E40D6C68D167}.Release|Any CPU.Build.0 = Release|Any CPU
	EndGlobalSection
	GlobalSection(SolutionProperties) = preSolution
		HideSolutionNode = FALSE
	EndGlobalSection
EndGlobal
